
Microsoft Visual Studio Solution File, Format Version 12.00
# Visual Studio 15
VisualStudioVersion = 15.0.28307.136
MinimumVisualStudioVersion = 10.0.40219.1
Project("{FAE04EC0-301F-11D3-BF4B-00C04F79EFBC}") = "Plot2DImage", "Plot2DImage\Plot2DImage.csproj", "{542F8719-0438-4F04-87F9-9816840FF9C9}"
EndProject
Global
	GlobalSection(SolutionConfigurationPlatforms) = preSolution
		Debug|Any CPU = Debug|Any CPU
		Debug|x64 = Debug|x64
		Release|Any CPU = Release|Any CPU
		Release|x64 = Release|x64
	EndGlobalSection
	GlobalSection(ProjectConfigurationPlatforms) = postSolution
		{542F8719-0438-4F04-87F9-9816840FF9C9}.Debug|Any CPU.ActiveCfg = Debug|Any CPU
		{542F8719-0438-4F04-87F9-9816840FF9C9}.Debug|Any CPU.Build.0 = Debug|Any CPU
		{542F8719-0438-4F04-87F9-9816840FF9C9}.Debug|x64.ActiveCfg = Debug|x64
		{542F8719-0438-4F04-87F9-9816840FF9C9}.Debug|x64.Build.0 = Debug|x64
		{542F8719-0438-4F04-87F9-9816840FF9C9}.Release|Any CPU.ActiveCfg = Release|Any CPU
		{542F8719-0438-4F04-87F9-9816840FF9C9}.Release|Any CPU.Build.0 = Release|Any CPU
		{542F8719-0438-4F04-87F9-9816840FF9C9}.Release|x64.ActiveCfg = Release|x64
		{542F8719-0438-4F04-87F9-9816840FF9C9}.Release|x64.Build.0 = Release|x64
	EndGlobalSection
	GlobalSection(SolutionProperties) = preSolution
		HideSolutionNode = FALSE
	EndGlobalSection
	GlobalSection(ExtensibilityGlobals) = postSolution
		SolutionGuid = {B10BB9CF-106E-41A6-9200-DA0A7428A679}
	EndGlobalSection
EndGlobal
